
Microsoft Visual Studio Solution File, Format Version 12.00
# Visual Studio Version 17
VisualStudioVersion = 17.14.36221.1 d17.14
MinimumVisualStudioVersion = 10.0.40219.1
Project("{FAE04EC0-301F-11D3-BF4B-00C04F79EFBC}") = "PixsyAPI", "PixsyAPI\PixsyAPI.csproj", "{AC7DBF7F-1B94-465D-AD08-0F6A55BC108C}"
EndProject
Global
	GlobalSection(SolutionConfigurationPlatforms) = preSolution
		Debug|Any CPU = Debug|Any CPU
		Release|Any CPU = Release|Any CPU
	EndGlobalSection
	GlobalSection(ProjectConfigurationPlatforms) = postSolution
		{AC7DBF7F-1B94-465D-AD08-0F6A55BC108C}.Debug|Any CPU.ActiveCfg = Debug|Any CPU
		{AC7DBF7F-1B94-465D-AD08-0F6A55BC108C}.Debug|Any CPU.Build.0 = Debug|Any CPU
		{AC7DBF7F-1B94-465D-AD08-0F6A55BC108C}.Release|Any CPU.ActiveCfg = Release|Any CPU
		{AC7DBF7F-1B94-465D-AD08-0F6A55BC108C}.Release|Any CPU.Build.0 = Release|Any CPU
	EndGlobalSection
	GlobalSection(SolutionProperties) = preSolution
		HideSolutionNode = FALSE
	EndGlobalSection
	GlobalSection(ExtensibilityGlobals) = postSolution
		SolutionGuid = {12132705-A8B4-4E02-958C-1317138652F1}
	EndGlobalSection
EndGlobal
